Microsoft Visual Studio Solution File, Format Version 10.00
# Visual Studio 2008
Project("{8BC9CEB8-8B4A-11D0-8D11-00A0C91BC942}") = "YUVviewer", "YUVviewer.vcproj", "{8C09C458-D315-4414-B0B3-FAD2E025444E}"
EndProject
Global
	GlobalSection(SolutionConfigurationPlatforms) = preSolution
		Debug|Win32 = Debug|Win32
		Release|Win32 = Release|Win32
	EndGlobalSection
	GlobalSection(ProjectConfigurationPlatforms) = postSolution
		{8C09C458-D315-4414-B0B3-FAD2E025444E}.Debug|Win32.ActiveCfg = Debug|Win32
		{8C09C458-D315-4414-B0B3-FAD2E025444E}.Debug|Win32.Build.0 = Debug|Win32
		{8C09C458-D315-4414-B0B3-FAD2E025444E}.Release|Win32.ActiveCfg = Release|Win32
		{8C09C458-D315-4414-B0B3-FAD2E025444E}.Release|Win32.Build.0 = Release|Win32
	EndGlobalSection
	GlobalSection(SolutionProperties) = preSolution
		HideSolutionNode = FALSE
	EndGlobalSection
EndGlobal
